// !$*UTF8*$!
{
	archiveVersion = 1;
	classes = {
	};
	objectVersion = 56;
	objects = {

/* Begin PBXBuildFile section */
		68546BC52A84D66200EEE3D5 /* iOSTermDepositApp.swift in Sources */ = {isa = PBXBuildFile; fileRef = 68546BC42A84D66200EEE3D5 /* iOSTermDepositApp.swift */; };
		68546BC72A84D66200EEE3D5 /* ContentView.swift in Sources */ = {isa = PBXBuildFile; fileRef = 68546BC62A84D66200EEE3D5 /* ContentView.swift */; };
		68546BC92A84D66300EEE3D5 /* Assets.xcassets in Resources */ = {isa = PBXBuildFile; fileRef = 68546BC82A84D66300EEE3D5 /* Assets.xcassets */; };
		68546BCC2A84D66300EEE3D5 /* Preview Assets.xcassets in Resources */ = {isa = PBXBuildFile; fileRef = 68546BCB2A84D66300EEE3D5 /* Preview Assets.xcassets */; };
		68546BD62A84D66300EEE3D5 /* iOSTermDepositTests.swift in Sources */ = {isa = PBXBuildFile; fileRef = 68546BD52A84D66300EEE3D5 /* iOSTermDepositTests.swift */; };
		68546BE02A84D66300EEE3D5 /* iOSTermDepositUITests.swift in Sources */ = {isa = PBXBuildFile; fileRef = 68546BDF2A84D66300EEE3D5 /* iOSTermDepositUITests.swift */; };
		68546BE22A84D66300EEE3D5 /* iOSTermDepositUITestsLaunchTests.swift in Sources */ = {isa = PBXBuildFile; fileRef = 68546BE12A84D66300EEE3D5 /* iOSTermDepositUITestsLaunchTests.swift */; };
		68546BF12A84EECC00EEE3D5 /* Enums.swift in Sources */ = {isa = PBXBuildFile; fileRef = 68546BF02A84EECC00EEE3D5 /* Enums.swift */; };
		68546BF42A84FAA600EEE3D5 /* ContentViewModel.swift in Sources */ = {isa = PBXBuildFile; fileRef = 68546BF32A84FAA600EEE3D5 /* ContentViewModel.swift */; };
		68546BF72A85010600EEE3D5 /* CalculationHelper.swift in Sources */ = {isa = PBXBuildFile; fileRef = 68546BF62A85010600EEE3D5 /* CalculationHelper.swift */; };
		68546BF92A85122400EEE3D5 /* Constants.swift in Sources */ = {isa = PBXBuildFile; fileRef = 68546BF82A85122400EEE3D5 /* Constants.swift */; };
/* End PBXBuildFile section */

/* Begin PBXContainerItemProxy section */
		68546BD22A84D66300EEE3D5 /* PBXContainerItemProxy */ = {
			isa = PBXContainerItemProxy;
			containerPortal = 68546BB92A84D66100EEE3D5 /* Project object */;
			proxyType = 1;
			remoteGlobalIDString = 68546BC02A84D66100EEE3D5;
			remoteInfo = iOSTermDeposit;
		};
		68546BDC2A84D66300EEE3D5 /* PBXContainerItemProxy */ = {
			isa = PBXContainerItemProxy;
			containerPortal = 68546BB92A84D66100EEE3D5 /* Project object */;
			proxyType = 1;
			remoteGlobalIDString = 68546BC02A84D66100EEE3D5;
			remoteInfo = iOSTermDeposit;
		};
/* End PBXContainerItemProxy section */

/* Begin PBXFileReference section */
		68546BC12A84D66100EEE3D5 /* iOSTermDeposit.app */ = {isa = PBXFileReference; explicitFileType = wrapper.application; includeInIndex = 0; path = iOSTermDeposit.app; sourceTree = BUILT_PRODUCTS_DIR; };
		68546BC42A84D66200EEE3D5 /* iOSTermDepositApp.swift */ = {isa = PBXFileReference; lastKnownFileType = sourcecode.swift; path = iOSTermDepositApp.swift; sourceTree = "<group>"; };
		68546BC62A84D66200EEE3D5 /* ContentView.swift */ = {isa = PBXFileReference; lastKnownFileType = sourcecode.swift; path = ContentView.swift; sourceTree = "<group>"; };
		68546BC82A84D66300EEE3D5 /* Assets.xcassets */ = {isa = PBXFileReference; lastKnownFileType = folder.assetcatalog; path = Assets.xcassets; sourceTree = "<group>"; };
		68546BCB2A84D66300EEE3D5 /* Preview Assets.xcassets */ = {isa = PBXFileReference; lastKnownFileType = folder.assetcatalog; path = "Preview Assets.xcassets"; sourceTree = "<group>"; };
		68546BD12A84D66300EEE3D5 /* iOSTermDepositTests.xctest */ = {isa = PBXFileReference; explicitFileType = wrapper.cfbundle; includeInIndex = 0; path = iOSTermDepositTests.xctest; sourceTree = BUILT_PRODUCTS_DIR; };
		68546BD52A84D66300EEE3D5 /* iOSTermDepositTests.swift */ = {isa = PBXFileReference; lastKnownFileType = sourcecode.swift; path = iOSTermDepositTests.swift; sourceTree = "<group>"; };
		68546BDB2A84D66300EEE3D5 /* iOSTermDepositUITests.xctest */ = {isa = PBXFileReference; explicitFileType = wrapper.cfbundle; includeInIndex = 0; path = iOSTermDepositUITests.xctest; sourceTree = BUILT_PRODUCTS_DIR; };
		68546BDF2A84D66300EEE3D5 /* iOSTermDepositUITests.swift */ = {isa = PBXFileReference; lastKnownFileType = sourcecode.swift; path = iOSTermDepositUITests.swift; sourceTree = "<group>"; };
		68546BE12A84D66300EEE3D5 /* iOSTermDepositUITestsLaunchTests.swift */ = {isa = PBXFileReference; lastKnownFileType = sourcecode.swift; path = iOSTermDepositUITestsLaunchTests.swift; sourceTree = "<group>"; };
		68546BF02A84EECC00EEE3D5 /* Enums.swift */ = {isa = PBXFileReference; lastKnownFileType = sourcecode.swift; path = Enums.swift; sourceTree = "<group>"; };
		68546BF32A84FAA600EEE3D5 /* ContentViewModel.swift */ = {isa = PBXFileReference; lastKnownFileType = sourcecode.swift; path = ContentViewModel.swift; sourceTree = "<group>"; };
		68546BF62A85010600EEE3D5 /* CalculationHelper.swift */ = {isa = PBXFileReference; lastKnownFileType = sourcecode.swift; path = CalculationHelper.swift; sourceTree = "<group>"; };
		68546BF82A85122400EEE3D5 /* Constants.swift */ = {isa = PBXFileReference; lastKnownFileType = sourcecode.swift; path = Constants.swift; sourceTree = "<group>"; };
/* End PBXFileReference section */

/* Begin PBXFrameworksBuildPhase section */
		68546BBE2A84D66100EEE3D5 /* Frameworks */ = {
			isa = PBXFrameworksBuildPhase;
			buildActionMask = 2147483647;
			files = (
			);
			runOnlyForDeploymentPostprocessing = 0;
		};
		68546BCE2A84D66300EEE3D5 /* Frameworks */ = {
			isa = PBXFrameworksBuildPhase;
			buildActionMask = 2147483647;
			files = (
			);
			runOnlyForDeploymentPostprocessing = 0;
		};
		68546BD82A84D66300EEE3D5 /* Frameworks */ = {
			isa = PBXFrameworksBuildPhase;
			buildActionMask = 2147483647;
			files = (
			);
			runOnlyForDeploymentPostprocessing = 0;
		};
/* End PBXFrameworksBuildPhase section */

/* Begin PBXGroup section */
		68546BB82A84D66100EEE3D5 = {
			isa = PBXGroup;
			children = (
				68546BC32A84D66100EEE3D5 /* iOSTermDeposit */,
				68546BD42A84D66300EEE3D5 /* iOSTermDepositTests */,
				68546BDE2A84D66300EEE3D5 /* iOSTermDepositUITests */,
				68546BC22A84D66100EEE3D5 /* Products */,
			);
			sourceTree = "<group>";
		};
		68546BC22A84D66100EEE3D5 /* Products */ = {
			isa = PBXGroup;
			children = (
				68546BC12A84D66100EEE3D5 /* iOSTermDeposit.app */,
				68546BD12A84D66300EEE3D5 /* iOSTermDepositTests.xctest */,
				68546BDB2A84D66300EEE3D5 /* iOSTermDepositUITests.xctest */,
			);
			name = Products;
			sourceTree = "<group>";
		};
		68546BC32A84D66100EEE3D5 /* iOSTermDeposit */ = {
			isa = PBXGroup;
			children = (
				68546BEE2A84D66E00EEE3D5 /* App */,
				68546BF52A8500EB00EEE3D5 /* Helpers */,
				68546BEF2A84D67C00EEE3D5 /* Views */,
				68546BCA2A84D66300EEE3D5 /* Preview Content */,
			);
			path = iOSTermDeposit;
			sourceTree = "<group>";
		};
		68546BCA2A84D66300EEE3D5 /* Preview Content */ = {
			isa = PBXGroup;
			children = (
				68546BCB2A84D66300EEE3D5 /* Preview Assets.xcassets */,
			);
			path = "Preview Content";
			sourceTree = "<group>";
		};
		68546BD42A84D66300EEE3D5 /* iOSTermDepositTests */ = {
			isa = PBXGroup;
			children = (
				68546BD52A84D66300EEE3D5 /* iOSTermDepositTests.swift */,
			);
			path = iOSTermDepositTests;
			sourceTree = "<group>";
		};
		68546BDE2A84D66300EEE3D5 /* iOSTermDepositUITests */ = {
			isa = PBXGroup;
			children = (
				68546BDF2A84D66300EEE3D5 /* iOSTermDepositUITests.swift */,
				68546BE12A84D66300EEE3D5 /* iOSTermDepositUITestsLaunchTests.swift */,
			);
			path = iOSTermDepositUITests;
			sourceTree = "<group>";
		};
		68546BEE2A84D66E00EEE3D5 /* App */ = {
			isa = PBXGroup;
			children = (
				68546BC82A84D66300EEE3D5 /* Assets.xcassets */,
				68546BC42A84D66200EEE3D5 /* iOSTermDepositApp.swift */,
				68546BF02A84EECC00EEE3D5 /* Enums.swift */,
				68546BF82A85122400EEE3D5 /* Constants.swift */,
			);
			path = App;
			sourceTree = "<group>";
		};
		68546BEF2A84D67C00EEE3D5 /* Views */ = {
			isa = PBXGroup;
			children = (
				68546BF22A84FA8E00EEE3D5 /* ViewModels */,
				68546BC62A84D66200EEE3D5 /* ContentView.swift */,
			);
			path = Views;
			sourceTree = "<group>";
		};
		68546BF22A84FA8E00EEE3D5 /* ViewModels */ = {
			isa = PBXGroup;
			children = (
				68546BF32A84FAA600EEE3D5 /* ContentViewModel.swift */,
			);
			path = ViewModels;
			sourceTree = "<group>";
		};
		68546BF52A8500EB00EEE3D5 /* Helpers */ = {
			isa = PBXGroup;
			children = (
				68546BF62A85010600EEE3D5 /* CalculationHelper.swift */,
			);
			path = Helpers;
			sourceTree = "<group>";
		};
/* End PBXGroup section */

/* Begin PBXNativeTarget section */
		68546BC02A84D66100EEE3D5 /* iOSTermDeposit */ = {
			isa = PBXNativeTarget;
			buildConfigurationList = 68546BE52A84D66300EEE3D5 /* Build configuration list for PBXNativeTarget "iOSTermDeposit" */;
			buildPhases = (
				68546BBD2A84D66100EEE3D5 /* Sources */,
				68546BBE2A84D66100EEE3D5 /* Frameworks */,
				68546BBF2A84D66100EEE3D5 /* Resources */,
			);
			buildRules = (
			);
			dependencies = (
			);
			name = iOSTermDeposit;
			productName = iOSTermDeposit;
			productReference = 68546BC12A84D66100EEE3D5 /* iOSTermDeposit.app */;
			productType = "com.apple.product-type.application";
		};
		68546BD02A84D66300EEE3D5 /* iOSTermDepositTests */ = {
			isa = PBXNativeTarget;
			buildConfigurationList = 68546BE82A84D66300EEE3D5 /* Build configuration list for PBXNativeTarget "iOSTermDepositTests" */;
			buildPhases = (
				68546BCD2A84D66300EEE3D5 /* Sources */,
				68546BCE2A84D66300EEE3D5 /* Frameworks */,
				68546BCF2A84D66300EEE3D5 /* Resources */,
			);
			buildRules = (
			);
			dependencies = (
				68546BD32A84D66300EEE3D5 /* PBXTargetDependency */,
			);
			name = iOSTermDepositTests;
			productName = iOSTermDepositTests;
			productReference = 68546BD12A84D66300EEE3D5 /* iOSTermDepositTests.xctest */;
			productType = "com.apple.product-type.bundle.unit-test";
		};
		68546BDA2A84D66300EEE3D5 /* iOSTermDepositUITests */ = {
			isa = PBXNativeTarget;
			buildConfigurationList = 68546BEB2A84D66300EEE3D5 /* Build configuration list for PBXNativeTarget "iOSTermDepositUITests" */;
			buildPhases = (
				68546BD72A84D66300EEE3D5 /* Sources */,
				68546BD82A84D66300EEE3D5 /* Frameworks */,
				68546BD92A84D66300EEE3D5 /* Resources */,
			);
			buildRules = (
			);
			dependencies = (
				68546BDD2A84D66300EEE3D5 /* PBXTargetDependency */,
			);
			name = iOSTermDepositUITests;
			productName = iOSTermDepositUITests;
			productReference = 68546BDB2A84D66300EEE3D5 /* iOSTermDepositUITests.xctest */;
			productType = "com.apple.product-type.bundle.ui-testing";
		};
/* End PBXNativeTarget section */

/* Begin PBXProject section */
		68546BB92A84D66100EEE3D5 /* Project object */ = {
			isa = PBXProject;
			attributes = {
				BuildIndependentTargetsInParallel = 1;
				LastSwiftUpdateCheck = 1430;
				LastUpgradeCheck = 1430;
				TargetAttributes = {
					68546BC02A84D66100EEE3D5 = {
						CreatedOnToolsVersion = 14.3;
					};
					68546BD02A84D66300EEE3D5 = {
						CreatedOnToolsVersion = 14.3;
						TestTargetID = 68546BC02A84D66100EEE3D5;
					};
					68546BDA2A84D66300EEE3D5 = {
						CreatedOnToolsVersion = 14.3;
						TestTargetID = 68546BC02A84D66100EEE3D5;
					};
				};
			};
			buildConfigurationList = 68546BBC2A84D66100EEE3D5 /* Build configuration list for PBXProject "iOSTermDeposit" */;
			compatibilityVersion = "Xcode 14.0";
			developmentRegion = en;
			hasScannedForEncodings = 0;
			knownRegions = (
				en,
				Base,
			);
			mainGroup = 68546BB82A84D66100EEE3D5;
			productRefGroup = 68546BC22A84D66100EEE3D5 /* Products */;
			projectDirPath = "";
			projectRoot = "";
			targets = (
				68546BC02A84D66100EEE3D5 /* iOSTermDeposit */,
				68546BD02A84D66300EEE3D5 /* iOSTermDepositTests */,
				68546BDA2A84D66300EEE3D5 /* iOSTermDepositUITests */,
			);
		};
/* End PBXProject section */

/* Begin PBXResourcesBuildPhase section */
		68546BBF2A84D66100EEE3D5 /* Resources */ = {
			isa = PBXResourcesBuildPhase;
			buildActionMask = 2147483647;
			files = (
				68546BCC2A84D66300EEE3D5 /* Preview Assets.xcassets in Resources */,
				68546BC92A84D66300EEE3D5 /* Assets.xcassets in Resources */,
			);
			runOnlyForDeploymentPostprocessing = 0;
		};
		68546BCF2A84D66300EEE3D5 /* Resources */ = {
			isa = PBXResourcesBuildPhase;
			buildActionMask = 2147483647;
			files = (
			);
			runOnlyForDeploymentPostprocessing = 0;
		};
		68546BD92A84D66300EEE3D5 /* Resources */ = {
			isa = PBXResourcesBuildPhase;
			buildActionMask = 2147483647;
			files = (
			);
			runOnlyForDeploymentPostprocessing = 0;
		};
/* End PBXResourcesBuildPhase section */

/* Begin PBXSourcesBuildPhase section */
		68546BBD2A84D66100EEE3D5 /* Sources */ = {
			isa = PBXSourcesBuildPhase;
			buildActionMask = 2147483647;
			files = (
				68546BF42A84FAA600EEE3D5 /* ContentViewModel.swift in Sources */,
				68546BC72A84D66200EEE3D5 /* ContentView.swift in Sources */,
				68546BF12A84EECC00EEE3D5 /* Enums.swift in Sources */,
				68546BC52A84D66200EEE3D5 /* iOSTermDepositApp.swift in Sources */,
				68546BF72A85010600EEE3D5 /* CalculationHelper.swift in Sources */,
				68546BF92A85122400EEE3D5 /* Constants.swift in Sources */,
			);
			runOnlyForDeploymentPostprocessing = 0;
		};
		68546BCD2A84D66300EEE3D5 /* Sources */ = {
			isa = PBXSourcesBuildPhase;
			buildActionMask = 2147483647;
			files = (
				68546BD62A84D66300EEE3D5 /* iOSTermDepositTests.swift in Sources */,
			);
			runOnlyForDeploymentPostprocessing = 0;
		};
		68546BD72A84D66300EEE3D5 /* Sources */ = {
			isa = PBXSourcesBuildPhase;
			buildActionMask = 2147483647;
			files = (
				68546BE02A84D66300EEE3D5 /* iOSTermDepositUITests.swift in Sources */,
				68546BE22A84D66300EEE3D5 /* iOSTermDepositUITestsLaunchTests.swift in Sources */,
			);
			runOnlyForDeploymentPostprocessing = 0;
		};
/* End PBXSourcesBuildPhase section */

/* Begin PBXTargetDependency section */
		68546BD32A84D66300EEE3D5 /* PBXTargetDependency */ = {
			isa = PBXTargetDependency;
			target = 68546BC02A84D66100EEE3D5 /* iOSTermDeposit */;
			targetProxy = 68546BD22A84D66300EEE3D5 /* PBXContainerItemProxy */;
		};
		68546BDD2A84D66300EEE3D5 /* PBXTargetDependency */ = {
			isa = PBXTargetDependency;
			target = 68546BC02A84D66100EEE3D5 /* iOSTermDeposit */;
			targetProxy = 68546BDC2A84D66300EEE3D5 /* PBXContainerItemProxy */;
		};
/* End PBXTargetDependency section */

/* Begin XCBuildConfiguration section */
		68546BE32A84D66300EEE3D5 /* Debug */ = {
			isa = XCBuildConfiguration;
			buildSettings = {
				ALWAYS_SEARCH_USER_PATHS = NO;
				CLANG_ANALYZER_NONNULL = YES;
				CLANG_ANALYZER_NUMBER_OBJECT_CONVERSION = YES_AGGRESSIVE;
				CLANG_CXX_LANGUAGE_STANDARD = "gnu++20";
				CLANG_ENABLE_MODULES = YES;
				CLANG_ENABLE_OBJC_ARC = YES;
				CLANG_ENABLE_OBJC_WEAK = YES;
				CLANG_WARN_BLOCK_CAPTURE_AUTORELEASING = YES;
				CLANG_WARN_BOOL_CONVERSION = YES;
				CLANG_WARN_COMMA = YES;
				CLANG_WARN_CONSTANT_CONVERSION = YES;
				CLANG_WARN_DEPRECATED_OBJC_IMPLEMENTATIONS = YES;
				CLANG_WARN_DIRECT_OBJC_ISA_USAGE = YES_ERROR;
				CLANG_WARN_DOCUMENTATION_COMMENTS = YES;
				CLANG_WARN_EMPTY_BODY = YES;
				CLANG_WARN_ENUM_CONVERSION = YES;
				CLANG_WARN_INFINITE_RECURSION = YES;
				CLANG_WARN_INT_CONVERSION = YES;
				CLANG_WARN_NON_LITERAL_NULL_CONVERSION = YES;
				CLANG_WARN_OBJC_IMPLICIT_RETAIN_SELF = YES;
				CLANG_WARN_OBJC_LITERAL_CONVERSION = YES;
				CLANG_WARN_OBJC_ROOT_CLASS = YES_ERROR;
				CLANG_WARN_QUOTED_INCLUDE_IN_FRAMEWORK_HEADER = YES;
				CLANG_WARN_RANGE_LOOP_ANALYSIS = YES;
				CLANG_WARN_STRICT_PROTOTYPES = YES;
				CLANG_WARN_SUSPICIOUS_MOVE = YES;
				CLANG_WARN_UNGUARDED_AVAILABILITY = YES_AGGRESSIVE;
				CLANG_WARN_UNREACHABLE_CODE = YES;
				CLANG_WARN__DUPLICATE_METHOD_MATCH = YES;
				COPY_PHASE_STRIP = NO;
				DEBUG_INFORMATION_FORMAT = dwarf;
				ENABLE_STRICT_OBJC_MSGSEND = YES;
				ENABLE_TESTABILITY = YES;
				GCC_C_LANGUAGE_STANDARD = gnu11;
				GCC_DYNAMIC_NO_PIC = NO;
				GCC_NO_COMMON_BLOCKS = YES;
				GCC_OPTIMIZATION_LEVEL = 0;
				GCC_PREPROCESSOR_DEFINITIONS = (
					"DEBUG=1",
					"$(inherited)",
				);
				GCC_WARN_64_TO_32_BIT_CONVERSION = YES;
				GCC_WARN_ABOUT_RETURN_TYPE = YES_ERROR;
				GCC_WARN_UNDECLARED_SELECTOR = YES;
				GCC_WARN_UNINITIALIZED_AUTOS = YES_AGGRESSIVE;
				GCC_WARN_UNUSED_FUNCTION = YES;
				GCC_WARN_UNUSED_VARIABLE = YES;
				IPHONEOS_DEPLOYMENT_TARGET = 16.4;
				MTL_ENABLE_DEBUG_INFO = INCLUDE_SOURCE;
				MTL_FAST_MATH = YES;
				ONLY_ACTIVE_ARCH = YES;
				SDKROOT = iphoneos;
				SWIFT_ACTIVE_COMPILATION_CONDITIONS = DEBUG;
				SWIFT_OPTIMIZATION_LEVEL = "-Onone";
			};
			name = Debug;
		};
		68546BE42A84D66300EEE3D5 /* Release */ = {
			isa = XCBuildConfiguration;
			buildSettings = {
				ALWAYS_SEARCH_USER_PATHS = NO;
				CLANG_ANALYZER_NONNULL = YES;
				CLANG_ANALYZER_NUMBER_OBJECT_CONVERSION = YES_AGGRESSIVE;
				CLANG_CXX_LANGUAGE_STANDARD = "gnu++20";
				CLANG_ENABLE_MODULES = YES;
				CLANG_ENABLE_OBJC_ARC = YES;
				CLANG_ENABLE_OBJC_WEAK = YES;
				CLANG_WARN_BLOCK_CAPTURE_AUTORELEASING = YES;
				CLANG_WARN_BOOL_CONVERSION = YES;
				CLANG_WARN_COMMA = YES;
				CLANG_WARN_CONSTANT_CONVERSION = YES;
				CLANG_WARN_DEPRECATED_OBJC_IMPLEMENTATIONS = YES;
				CLANG_WARN_DIRECT_OBJC_ISA_USAGE = YES_ERROR;
				CLANG_WARN_DOCUMENTATION_COMMENTS = YES;
				CLANG_WARN_EMPTY_BODY = YES;
				CLANG_WARN_ENUM_CONVERSION = YES;
				CLANG_WARN_INFINITE_RECURSION = YES;
				CLANG_WARN_INT_CONVERSION = YES;
				CLANG_WARN_NON_LITERAL_NULL_CONVERSION = YES;
				CLANG_WARN_OBJC_IMPLICIT_RETAIN_SELF = YES;
				CLANG_WARN_OBJC_LITERAL_CONVERSION = YES;
				CLANG_WARN_OBJC_ROOT_CLASS = YES_ERROR;
				CLANG_WARN_QUOTED_INCLUDE_IN_FRAMEWORK_HEADER = YES;
				CLANG_WARN_RANGE_LOOP_ANALYSIS = YES;
				CLANG_WARN_STRICT_PROTOTYPES = YES;
				CLANG_WARN_SUSPICIOUS_MOVE = YES;
				CLANG_WARN_UNGUARDED_AVAILABILITY = YES_AGGRESSIVE;
				CLANG_WARN_UNREACHABLE_CODE = YES;
				CLANG_WARN__DUPLICATE_METHOD_MATCH = YES;
				COPY_PHASE_STRIP = NO;
				DEBUG_INFORMATION_FORMAT = "dwarf-with-dsym";
				ENABLE_NS_ASSERTIONS = NO;
				ENABLE_STRICT_OBJC_MSGSEND = YES;
				GCC_C_LANGUAGE_STANDARD = gnu11;
				GCC_NO_COMMON_BLOCKS = YES;
				GCC_WARN_64_TO_32_BIT_CONVERSION = YES;
				GCC_WARN_ABOUT_RETURN_TYPE = YES_ERROR;
				GCC_WARN_UNDECLARED_SELECTOR = YES;
				GCC_WARN_UNINITIALIZED_AUTOS = YES_AGGRESSIVE;
				GCC_WARN_UNUSED_FUNCTION = YES;
				GCC_WARN_UNUSED_VARIABLE = YES;
				IPHONEOS_DEPLOYMENT_TARGET = 16.4;
				MTL_ENABLE_DEBUG_INFO = NO;
				MTL_FAST_MATH = YES;
				SDKROOT = iphoneos;
				SWIFT_COMPILATION_MODE = wholemodule;
				SWIFT_OPTIMIZATION_LEVEL = "-O";
				VALIDATE_PRODUCT = YES;
			};
			name = Release;
		};
		68546BE62A84D66300EEE3D5 /* Debug */ = {
			isa = XCBuildConfiguration;
			buildSettings = {
				ASSETCATALOG_COMPILER_APPICON_NAME = AppIcon;
				ASSETCATALOG_COMPILER_GLOBAL_ACCENT_COLOR_NAME = AccentColor;
				CODE_SIGN_STYLE = Automatic;
				CURRENT_PROJECT_VERSION = 1;
				DEVELOPMENT_ASSET_PATHS = "\"iOSTermDeposit/Preview Content\"";
				ENABLE_PREVIEWS = YES;
				GENERATE_INFOPLIST_FILE = YES;
				INFOPLIST_KEY_UIApplicationSceneManifest_Generation = YES;
				INFOPLIST_KEY_UIApplicationSupportsIndirectInputEvents = YES;
				INFOPLIST_KEY_UILaunchScreen_Generation = YES;
				INFOPLIST_KEY_UISupportedInterfaceOrientations_iPad = "UIInterfaceOrientationPortrait UIInterfaceOrientationPortraitUpsideDown UIInterfaceOrientationLandscapeLeft UIInterfaceOrientationLandscapeRight";
				INFOPLIST_KEY_UISupportedInterfaceOrientations_iPhone = "UIInterfaceOrientationPortrait UIInterfaceOrientationLandscapeLeft UIInterfaceOrientationLandscapeRight";
				LD_RUNPATH_SEARCH_PATHS = (
					"$(inherited)",
					"@executable_path/Frameworks",
				);
				MARKETING_VERSION = 1.0;
				PRODUCT_BUNDLE_IDENTIFIER = andersontjdev.iOSTermDeposit;
				PRODUCT_NAME = "$(TARGET_NAME)";
				SWIFT_EMIT_LOC_STRINGS = YES;
				SWIFT_VERSION = 5.0;
				TARGETED_DEVICE_FAMILY = "1,2";
			};
			name = Debug;
		};
		68546BE72A84D66300EEE3D5 /* Release */ = {
			isa = XCBuildConfiguration;
			buildSettings = {
				ASSETCATALOG_COMPILER_APPICON_NAME = AppIcon;
				ASSETCATALOG_COMPILER_GLOBAL_ACCENT_COLOR_NAME = AccentColor;
				CODE_SIGN_STYLE = Automatic;
				CURRENT_PROJECT_VERSION = 1;
				DEVELOPMENT_ASSET_PATHS = "\"iOSTermDeposit/Preview Content\"";
				ENABLE_PREVIEWS = YES;
				GENERATE_INFOPLIST_FILE = YES;
				INFOPLIST_KEY_UIApplicationSceneManifest_Generation = YES;
				INFOPLIST_KEY_UIApplicationSupportsIndirectInputEvents = YES;
				INFOPLIST_KEY_UILaunchScreen_Generation = YES;
				INFOPLIST_KEY_UISupportedInterfaceOrientations_iPad = "UIInterfaceOrientationPortrait UIInterfaceOrientationPortraitUpsideDown UIInterfaceOrientationLandscapeLeft UIInterfaceOrientationLandscapeRight";
				INFOPLIST_KEY_UISupportedInterfaceOrientations_iPhone = "UIInterfaceOrientationPortrait UIInterfaceOrientationLandscapeLeft UIInterfaceOrientationLandscapeRight";
				LD_RUNPATH_SEARCH_PATHS = (
					"$(inherited)",
					"@executable_path/Frameworks",
				);
				MARKETING_VERSION = 1.0;
				PRODUCT_BUNDLE_IDENTIFIER = andersontjdev.iOSTermDeposit;
				PRODUCT_NAME = "$(TARGET_NAME)";
				SWIFT_EMIT_LOC_STRINGS = YES;
				SWIFT_VERSION = 5.0;
				TARGETED_DEVICE_FAMILY = "1,2";
			};
			name = Release;
		};
		68546BE92A84D66300EEE3D5 /* Debug */ = {
			isa = XCBuildConfiguration;
			buildSettings = {
				ALWAYS_EMBED_SWIFT_STANDARD_LIBRARIES = YES;
				BUNDLE_LOADER = "$(TEST_HOST)";
				CODE_SIGN_STYLE = Automatic;
				CURRENT_PROJECT_VERSION = 1;
				GENERATE_INFOPLIST_FILE = YES;
				IPHONEOS_DEPLOYMENT_TARGET = 16.4;
				MARKETING_VERSION = 1.0;
				PRODUCT_BUNDLE_IDENTIFIER = andersontjdev.iOSTermDepositTests;
				PRODUCT_NAME = "$(TARGET_NAME)";
				SWIFT_EMIT_LOC_STRINGS = NO;
				SWIFT_VERSION = 5.0;
				TARGETED_DEVICE_FAMILY = "1,2";
				TEST_HOST = "$(BUILT_PRODUCTS_DIR)/iOSTermDeposit.app/$(BUNDLE_EXECUTABLE_FOLDER_PATH)/iOSTermDeposit";
			};
			name = Debug;
		};
		68546BEA2A84D66300EEE3D5 /* Release */ = {
			isa = XCBuildConfiguration;
			buildSettings = {
				ALWAYS_EMBED_SWIFT_STANDARD_LIBRARIES = YES;
				BUNDLE_LOADER = "$(TEST_HOST)";
				CODE_SIGN_STYLE = Automatic;
				CURRENT_PROJECT_VERSION = 1;
				GENERATE_INFOPLIST_FILE = YES;
				IPHONEOS_DEPLOYMENT_TARGET = 16.4;
				MARKETING_VERSION = 1.0;
				PRODUCT_BUNDLE_IDENTIFIER = andersontjdev.iOSTermDepositTests;
				PRODUCT_NAME = "$(TARGET_NAME)";
				SWIFT_EMIT_LOC_STRINGS = NO;
				SWIFT_VERSION = 5.0;
				TARGETED_DEVICE_FAMILY = "1,2";
				TEST_HOST = "$(BUILT_PRODUCTS_DIR)/iOSTermDeposit.app/$(BUNDLE_EXECUTABLE_FOLDER_PATH)/iOSTermDeposit";
			};
			name = Release;
		};
		68546BEC2A84D66300EEE3D5 /* Debug */ = {
			isa = XCBuildConfiguration;
			buildSettings = {
				ALWAYS_EMBED_SWIFT_STANDARD_LIBRARIES = YES;
				CODE_SIGN_STYLE = Automatic;
				CURRENT_PROJECT_VERSION = 1;
				GENERATE_INFOPLIST_FILE = YES;
				MARKETING_VERSION = 1.0;
				PRODUCT_BUNDLE_IDENTIFIER = andersontjdev.iOSTermDepositUITests;
				PRODUCT_NAME = "$(TARGET_NAME)";
				SWIFT_EMIT_LOC_STRINGS = NO;
				SWIFT_VERSION = 5.0;
				TARGETED_DEVICE_FAMILY = "1,2";
				TEST_TARGET_NAME = iOSTermDeposit;
			};
			name = Debug;
		};
		68546BED2A84D66300EEE3D5 /* Release */ = {
			isa = XCBuildConfiguration;
			buildSettings = {
				ALWAYS_EMBED_SWIFT_STANDARD_LIBRARIES = YES;
				CODE_SIGN_STYLE = Automatic;
				CURRENT_PROJECT_VERSION = 1;
				GENERATE_INFOPLIST_FILE = YES;
				MARKETING_VERSION = 1.0;
				PRODUCT_BUNDLE_IDENTIFIER = andersontjdev.iOSTermDepositUITests;
				PRODUCT_NAME = "$(TARGET_NAME)";
				SWIFT_EMIT_LOC_STRINGS = NO;
				SWIFT_VERSION = 5.0;
				TARGETED_DEVICE_FAMILY = "1,2";
				TEST_TARGET_NAME = iOSTermDeposit;
			};
			name = Release;
		};
/* End XCBuildConfiguration section */

/* Begin XCConfigurationList section */
		68546BBC2A84D66100EEE3D5 /* Build configuration list for PBXProject "iOSTermDeposit" */ = {
			isa = XCConfigurationList;
			buildConfigurations = (
				68546BE32A84D66300EEE3D5 /* Debug */,
				68546BE42A84D66300EEE3D5 /* Release */,
			);
			defaultConfigurationIsVisible = 0;
			defaultConfigurationName = Release;
		};
		68546BE52A84D66300EEE3D5 /* Build configuration list for PBXNativeTarget "iOSTermDeposit" */ = {
			isa = XCConfigurationList;
			buildConfigurations = (
				68546BE62A84D66300EEE3D5 /* Debug */,
				68546BE72A84D66300EEE3D5 /* Release */,
			);
			defaultConfigurationIsVisible = 0;
			defaultConfigurationName = Release;
		};
		68546BE82A84D66300EEE3D5 /* Build configuration list for PBXNativeTarget "iOSTermDepositTests" */ = {
			isa = XCConfigurationList;
			buildConfigurations = (
				68546BE92A84D66300EEE3D5 /* Debug */,
				68546BEA2A84D66300EEE3D5 /* Release */,
			);
			defaultConfigurationIsVisible = 0;
			defaultConfigurationName = Release;
		};
		68546BEB2A84D66300EEE3D5 /* Build configuration list for PBXNativeTarget "iOSTermDepositUITests" */ = {
			isa = XCConfigurationList;
			buildConfigurations = (
				68546BEC2A84D66300EEE3D5 /* Debug */,
				68546BED2A84D66300EEE3D5 /* Release */,
			);
			defaultConfigurationIsVisible = 0;
			defaultConfigurationName = Release;
		};
/* End XCConfigurationList section */
	};
	rootObject = 68546BB92A84D66100EEE3D5 /* Project object */;
}
